
Microsoft Visual Studio Solution File, Format Version 12.00
# Visual Studio Version 17
VisualStudioVersion = 17.0.31903.59
MinimumVisualStudioVersion = 10.0.40219.1
Project("{2150E333-8FDC-42A3-9474-1A3956D46DE8}") = "src", "src", "{FF3BBE28-CCB7-4BE0-86C2-493E99517F7E}"
EndProject
Project("{2150E333-8FDC-42A3-9474-1A3956D46DE8}") = "main", "main", "{AB444DF2-3913-4D2C-A68E-86B48217A4DE}"
EndProject
Project("{2150E333-8FDC-42A3-9474-1A3956D46DE8}") = "tests", "tests", "{FE60C7AC-5609-4902-B723-C25E6559E9A2}"
EndProject
Project("{2150E333-8FDC-42A3-9474-1A3956D46DE8}") = "Services", "Services", "{7F0E56B6-2075-4F5D-8363-C8125283E5C4}"
EndProject
Project("{2150E333-8FDC-42A3-9474-1A3956D46DE8}") = "UserManagement", "UserManagement", "{7FD80800-C151-44F5-81BF-668B43D7BF36}"
EndProject
Project("{2150E333-8FDC-42A3-9474-1A3956D46DE8}") = "HospitalService", "HospitalService", "{EED14190-2383-4FFB-B449-7A8F6824E5E1}"
EndProject
Project("{2150E333-8FDC-42A3-9474-1A3956D46DE8}") = "DoctorService", "DoctorService", "{FBC02784-55A9-48C0-9950-86A17A8D7E24}"
EndProject
Project("{2150E333-8FDC-42A3-9474-1A3956D46DE8}") = "AppointmentService", "AppointmentService", "{30687515-7F22-4A75-AA72-1D5728E5B4A5}"
EndProject
Project("{2150E333-8FDC-42A3-9474-1A3956D46DE8}") = "TelemedicineService", "TelemedicineService", "{39861B09-0E1C-459F-ACA7-6DC3F5484D71}"
EndProject
Project("{2150E333-8FDC-42A3-9474-1A3956D46DE8}") = "AnalyticsService", "AnalyticsService", "{957E5B74-89EE-4BAA-9A8D-2D17D9CC1919}"
EndProject
Project("{FAE04EC0-301F-11D3-BF4B-00C04F79EFBC}") = "Tests", "Tests\Tests.csproj", "{DF215D21-2E58-4F55-8563-3C368FD4AE67}"
EndProject
Global
	GlobalSection(SolutionConfigurationPlatforms) = preSolution
		Debug|Any CPU = Debug|Any CPU
		Release|Any CPU = Release|Any CPU
	EndGlobalSection
	GlobalSection(ProjectConfigurationPlatforms) = postSolution
		{DF215D21-2E58-4F55-8563-3C368FD4AE67}.Debug|Any CPU.ActiveCfg = Debug|Any CPU
		{DF215D21-2E58-4F55-8563-3C368FD4AE67}.Debug|Any CPU.Build.0 = Debug|Any CPU
		{DF215D21-2E58-4F55-8563-3C368FD4AE67}.Release|Any CPU.ActiveCfg = Release|Any CPU
		{DF215D21-2E58-4F55-8563-3C368FD4AE67}.Release|Any CPU.Build.0 = Release|Any CPU
	EndGlobalSection
	GlobalSection(SolutionProperties) = preSolution
		HideSolutionNode = FALSE
	EndGlobalSection
	GlobalSection(NestedProjects) = preSolution
		{AB444DF2-3913-4D2C-A68E-86B48217A4DE} = {FF3BBE28-CCB7-4BE0-86C2-493E99517F7E}
		{FE60C7AC-5609-4902-B723-C25E6559E9A2} = {FF3BBE28-CCB7-4BE0-86C2-493E99517F7E}
		{7F0E56B6-2075-4F5D-8363-C8125283E5C4} = {AB444DF2-3913-4D2C-A68E-86B48217A4DE}
		{7FD80800-C151-44F5-81BF-668B43D7BF36} = {7F0E56B6-2075-4F5D-8363-C8125283E5C4}
		{EED14190-2383-4FFB-B449-7A8F6824E5E1} = {7F0E56B6-2075-4F5D-8363-C8125283E5C4}
		{FBC02784-55A9-48C0-9950-86A17A8D7E24} = {7F0E56B6-2075-4F5D-8363-C8125283E5C4}
		{30687515-7F22-4A75-AA72-1D5728E5B4A5} = {7F0E56B6-2075-4F5D-8363-C8125283E5C4}
		{39861B09-0E1C-459F-ACA7-6DC3F5484D71} = {7F0E56B6-2075-4F5D-8363-C8125283E5C4}
		{957E5B74-89EE-4BAA-9A8D-2D17D9CC1919} = {7F0E56B6-2075-4F5D-8363-C8125283E5C4}
		{DF215D21-2E58-4F55-8563-3C368FD4AE67} = {FE60C7AC-5609-4902-B723-C25E6559E9A2}
	EndGlobalSection
	GlobalSection(ExtensibilityGlobals) = postSolution
		SolutionGuid = {B072D7B5-CDA8-4D00-B108-70F3FF78B989}
	EndGlobalSection
EndGlobal
