
Microsoft Visual Studio Solution File, Format Version 12.00
# Visual Studio Version 17
VisualStudioVersion = 17.0.31903.59
MinimumVisualStudioVersion = 10.0.40219.1
Project("{2150E333-8FDC-42A3-9474-1A3956D46DE8}") = "BusinessLogic", "BusinessLogic", "{15D63BE2-84D6-49A7-B469-48E0BB044217}"
EndProject
Project("{2150E333-8FDC-42A3-9474-1A3956D46DE8}") = "Domain", "Domain", "{AE587814-6459-4961-82B6-1BF456100AD9}"
EndProject
Project("{2150E333-8FDC-42A3-9474-1A3956D46DE8}") = "Presentation", "Presentation", "{96A2002D-5F5B-4329-BDC4-2AB3FEA58EB0}"
EndProject
Project("{2150E333-8FDC-42A3-9474-1A3956D46DE8}") = "Infrastructure", "Infrastructure", "{E807FF9E-DF5F-4B01-86A0-F9E9798ED1EC}"
EndProject
Project("{9A19103F-16F7-4668-BE54-9A1E7A4F7556}") = "StaffMS.Core", "StaffMS.Core\StaffMS.Core.csproj", "{F862742D-49E6-4842-8C60-74C24677A8E8}"
EndProject
Project("{9A19103F-16F7-4668-BE54-9A1E7A4F7556}") = "StaffMS.Application", "StaffMS.Application\StaffMS.Application.csproj", "{CE53CACC-B3F8-48EB-BAF8-D93DE467131B}"
EndProject
Project("{FAE04EC0-301F-11D3-BF4B-00C04F79EFBC}") = "StaffMS.Persistence", "StaffMS.Persistence\StaffMS.Persistence.csproj", "{5CFC22CA-3BDE-4AAD-B45A-722ACF551676}"
EndProject
Project("{FAE04EC0-301F-11D3-BF4B-00C04F79EFBC}") = "StaffMS.API", "StaffMS.API\StaffMS.API.csproj", "{546F7483-5F0A-42F5-B267-0E928C2B8543}"
EndProject
Global
	GlobalSection(SolutionConfigurationPlatforms) = preSolution
		Debug|Any CPU = Debug|Any CPU
		Release|Any CPU = Release|Any CPU
	EndGlobalSection
	GlobalSection(ProjectConfigurationPlatforms) = postSolution
		{F862742D-49E6-4842-8C60-74C24677A8E8}.Debug|Any CPU.ActiveCfg = Debug|Any CPU
		{F862742D-49E6-4842-8C60-74C24677A8E8}.Debug|Any CPU.Build.0 = Debug|Any CPU
		{F862742D-49E6-4842-8C60-74C24677A8E8}.Release|Any CPU.ActiveCfg = Release|Any CPU
		{F862742D-49E6-4842-8C60-74C24677A8E8}.Release|Any CPU.Build.0 = Release|Any CPU
		{CE53CACC-B3F8-48EB-BAF8-D93DE467131B}.Debug|Any CPU.ActiveCfg = Debug|Any CPU
		{CE53CACC-B3F8-48EB-BAF8-D93DE467131B}.Debug|Any CPU.Build.0 = Debug|Any CPU
		{CE53CACC-B3F8-48EB-BAF8-D93DE467131B}.Release|Any CPU.ActiveCfg = Release|Any CPU
		{CE53CACC-B3F8-48EB-BAF8-D93DE467131B}.Release|Any CPU.Build.0 = Release|Any CPU
		{5CFC22CA-3BDE-4AAD-B45A-722ACF551676}.Debug|Any CPU.ActiveCfg = Debug|Any CPU
		{5CFC22CA-3BDE-4AAD-B45A-722ACF551676}.Debug|Any CPU.Build.0 = Debug|Any CPU
		{5CFC22CA-3BDE-4AAD-B45A-722ACF551676}.Release|Any CPU.ActiveCfg = Release|Any CPU
		{5CFC22CA-3BDE-4AAD-B45A-722ACF551676}.Release|Any CPU.Build.0 = Release|Any CPU
		{546F7483-5F0A-42F5-B267-0E928C2B8543}.Debug|Any CPU.ActiveCfg = Debug|Any CPU
		{546F7483-5F0A-42F5-B267-0E928C2B8543}.Debug|Any CPU.Build.0 = Debug|Any CPU
		{546F7483-5F0A-42F5-B267-0E928C2B8543}.Release|Any CPU.ActiveCfg = Release|Any CPU
		{546F7483-5F0A-42F5-B267-0E928C2B8543}.Release|Any CPU.Build.0 = Release|Any CPU
	EndGlobalSection
	GlobalSection(SolutionProperties) = preSolution
		HideSolutionNode = FALSE
	EndGlobalSection
	GlobalSection(NestedProjects) = preSolution
		{F862742D-49E6-4842-8C60-74C24677A8E8} = {AE587814-6459-4961-82B6-1BF456100AD9}
		{CE53CACC-B3F8-48EB-BAF8-D93DE467131B} = {AE587814-6459-4961-82B6-1BF456100AD9}
		{5CFC22CA-3BDE-4AAD-B45A-722ACF551676} = {E807FF9E-DF5F-4B01-86A0-F9E9798ED1EC}
		{546F7483-5F0A-42F5-B267-0E928C2B8543} = {96A2002D-5F5B-4329-BDC4-2AB3FEA58EB0}
	EndGlobalSection
	GlobalSection(ExtensibilityGlobals) = postSolution
		SolutionGuid = {4A9F9638-1F0A-4543-A6B6-801819150226}
	EndGlobalSection
EndGlobal
