
Microsoft Visual Studio Solution File, Format Version 12.00
# Visual Studio Version 17
VisualStudioVersion = 17.11.35327.3
MinimumVisualStudioVersion = 10.0.40219.1
Project("{2150E333-8FDC-42A3-9474-1A3956D46DE8}") = "main", "main", "{28B39130-A2B0-4AD0-907E-FC8FFAF97BFC}"
EndProject
Project("{2150E333-8FDC-42A3-9474-1A3956D46DE8}") = "HospitalManagement", "HospitalManagement", "{8386AEFA-E4BD-4031-BE44-B1496118850C}"
EndProject
Project("{2150E333-8FDC-42A3-9474-1A3956D46DE8}") = "Domain", "Domain", "{747912CC-E0E7-4CD1-9A9E-93A706E17035}"
EndProject
Project("{FAE04EC0-301F-11D3-BF4B-00C04F79EFBC}") = "HospitalManagement.Core", "HospitalManagement.Core\HospitalManagement.Core.csproj", "{CFE3B50D-FE0A-48B3-9463-B718522548CD}"
EndProject
Project("{FAE04EC0-301F-11D3-BF4B-00C04F79EFBC}") = "HospitalManagement.Application", "HospitalManagement.Application\HospitalManagement.Application.csproj", "{4706DA38-7710-40A2-9930-A6132B97508E}"
EndProject
Project("{2150E333-8FDC-42A3-9474-1A3956D46DE8}") = "Infrastructure", "Infrastructure", "{FAFB269C-F7A0-4BF2-BF63-791535EDFE1E}"
EndProject
Project("{FAE04EC0-301F-11D3-BF4B-00C04F79EFBC}") = "Hospital.Persistance", "Hospital.Persistance\Hospital.Persistance.csproj", "{17D17B0F-4052-4B24-BC32-F7E2E2C73ABD}"
EndProject
Global
	GlobalSection(SolutionConfigurationPlatforms) = preSolution
		Debug|Any CPU = Debug|Any CPU
		Release|Any CPU = Release|Any CPU
	EndGlobalSection
	GlobalSection(ProjectConfigurationPlatforms) = postSolution
		{CFE3B50D-FE0A-48B3-9463-B718522548CD}.Debug|Any CPU.ActiveCfg = Debug|Any CPU
		{CFE3B50D-FE0A-48B3-9463-B718522548CD}.Debug|Any CPU.Build.0 = Debug|Any CPU
		{CFE3B50D-FE0A-48B3-9463-B718522548CD}.Release|Any CPU.ActiveCfg = Release|Any CPU
		{CFE3B50D-FE0A-48B3-9463-B718522548CD}.Release|Any CPU.Build.0 = Release|Any CPU
		{4706DA38-7710-40A2-9930-A6132B97508E}.Debug|Any CPU.ActiveCfg = Debug|Any CPU
		{4706DA38-7710-40A2-9930-A6132B97508E}.Debug|Any CPU.Build.0 = Debug|Any CPU
		{4706DA38-7710-40A2-9930-A6132B97508E}.Release|Any CPU.ActiveCfg = Release|Any CPU
		{4706DA38-7710-40A2-9930-A6132B97508E}.Release|Any CPU.Build.0 = Release|Any CPU
		{17D17B0F-4052-4B24-BC32-F7E2E2C73ABD}.Debug|Any CPU.ActiveCfg = Debug|Any CPU
		{17D17B0F-4052-4B24-BC32-F7E2E2C73ABD}.Debug|Any CPU.Build.0 = Debug|Any CPU
		{17D17B0F-4052-4B24-BC32-F7E2E2C73ABD}.Release|Any CPU.ActiveCfg = Release|Any CPU
		{17D17B0F-4052-4B24-BC32-F7E2E2C73ABD}.Release|Any CPU.Build.0 = Release|Any CPU
	EndGlobalSection
	GlobalSection(SolutionProperties) = preSolution
		HideSolutionNode = FALSE
	EndGlobalSection
	GlobalSection(NestedProjects) = preSolution
		{8386AEFA-E4BD-4031-BE44-B1496118850C} = {28B39130-A2B0-4AD0-907E-FC8FFAF97BFC}
		{747912CC-E0E7-4CD1-9A9E-93A706E17035} = {8386AEFA-E4BD-4031-BE44-B1496118850C}
		{CFE3B50D-FE0A-48B3-9463-B718522548CD} = {747912CC-E0E7-4CD1-9A9E-93A706E17035}
		{4706DA38-7710-40A2-9930-A6132B97508E} = {747912CC-E0E7-4CD1-9A9E-93A706E17035}
		{FAFB269C-F7A0-4BF2-BF63-791535EDFE1E} = {8386AEFA-E4BD-4031-BE44-B1496118850C}
		{17D17B0F-4052-4B24-BC32-F7E2E2C73ABD} = {FAFB269C-F7A0-4BF2-BF63-791535EDFE1E}
	EndGlobalSection
	GlobalSection(ExtensibilityGlobals) = postSolution
		SolutionGuid = {AE5682FE-CCB0-49DE-AD47-F3AACFD1226E}
	EndGlobalSection
EndGlobal
